
Microsoft Visual Studio Solution File, Format Version 12.00
# Visual Studio Version 16
VisualStudioVersion = 16.0.31729.503
MinimumVisualStudioVersion = 10.0.40219.1
Project("{FAE04EC0-301F-11D3-BF4B-00C04F79EFBC}") = "SportLeagueOverview", "SportLeagueOverview\SportLeagueOverview.csproj", "{6596BE0A-95DF-49D2-9C23-500A96A944E4}"
EndProject
Global
	GlobalSection(SolutionConfigurationPlatforms) = preSolution
		Debug|Any CPU = Debug|Any CPU
		Release|Any CPU = Release|Any CPU
	EndGlobalSection
	GlobalSection(ProjectConfigurationPlatforms) = postSolution
		{6596BE0A-95DF-49D2-9C23-500A96A944E4}.Debug|Any CPU.ActiveCfg = Debug|Any CPU
		{6596BE0A-95DF-49D2-9C23-500A96A944E4}.Debug|Any CPU.Build.0 = Debug|Any CPU
		{6596BE0A-95DF-49D2-9C23-500A96A944E4}.Release|Any CPU.ActiveCfg = Release|Any CPU
		{6596BE0A-95DF-49D2-9C23-500A96A944E4}.Release|Any CPU.Build.0 = Release|Any CPU
	EndGlobalSection
	GlobalSection(SolutionProperties) = preSolution
		HideSolutionNode = FALSE
	EndGlobalSection
	GlobalSection(ExtensibilityGlobals) = postSolution
		SolutionGuid = {C9734DDA-AD4A-4DEA-96BD-0225858974B5}
	EndGlobalSection
EndGlobal
